
Microsoft Visual Studio Solution File, Format Version 12.00
# Visual Studio Version 17
VisualStudioVersion = 17.9.34616.47
MinimumVisualStudioVersion = 10.0.40219.1
Project("{9A19103F-16F7-4668-BE54-9A1E7A4F7556}") = "MusicStoreApp", "MusicStoreApp\MusicStoreApp.csproj", "{03D66E94-2EE0-4784-8CA8-24F5A77C71C4}"
EndProject
Project("{9A19103F-16F7-4668-BE54-9A1E7A4F7556}") = "MusicStore.Domain", "MusicStore.Domain\MusicStore.Domain.csproj", "{9E84B6DC-0761-43E1-AE08-3A6217C16059}"
EndProject
Project("{9A19103F-16F7-4668-BE54-9A1E7A4F7556}") = "MusicStore.Repository", "MusicStore.Repository\MusicStore.Repository.csproj", "{F5F48525-9DDC-40E9-9055-98B91523E074}"
EndProject
Project("{9A19103F-16F7-4668-BE54-9A1E7A4F7556}") = "MusicStore.Service", "MusicStore.Service\MusicStore.Service.csproj", "{1866E991-FCEA-46BD-982A-A63CE39A75D1}"
EndProject
Global
	GlobalSection(SolutionConfigurationPlatforms) = preSolution
		Debug|Any CPU = Debug|Any CPU
		Release|Any CPU = Release|Any CPU
	EndGlobalSection
	GlobalSection(ProjectConfigurationPlatforms) = postSolution
		{03D66E94-2EE0-4784-8CA8-24F5A77C71C4}.Debug|Any CPU.ActiveCfg = Debug|Any CPU
		{03D66E94-2EE0-4784-8CA8-24F5A77C71C4}.Debug|Any CPU.Build.0 = Debug|Any CPU
		{03D66E94-2EE0-4784-8CA8-24F5A77C71C4}.Release|Any CPU.ActiveCfg = Release|Any CPU
		{03D66E94-2EE0-4784-8CA8-24F5A77C71C4}.Release|Any CPU.Build.0 = Release|Any CPU
		{9E84B6DC-0761-43E1-AE08-3A6217C16059}.Debug|Any CPU.ActiveCfg = Debug|Any CPU
		{9E84B6DC-0761-43E1-AE08-3A6217C16059}.Debug|Any CPU.Build.0 = Debug|Any CPU
		{9E84B6DC-0761-43E1-AE08-3A6217C16059}.Release|Any CPU.ActiveCfg = Release|Any CPU
		{9E84B6DC-0761-43E1-AE08-3A6217C16059}.Release|Any CPU.Build.0 = Release|Any CPU
		{F5F48525-9DDC-40E9-9055-98B91523E074}.Debug|Any CPU.ActiveCfg = Debug|Any CPU
		{F5F48525-9DDC-40E9-9055-98B91523E074}.Debug|Any CPU.Build.0 = Debug|Any CPU
		{F5F48525-9DDC-40E9-9055-98B91523E074}.Release|Any CPU.ActiveCfg = Release|Any CPU
		{F5F48525-9DDC-40E9-9055-98B91523E074}.Release|Any CPU.Build.0 = Release|Any CPU
		{1866E991-FCEA-46BD-982A-A63CE39A75D1}.Debug|Any CPU.ActiveCfg = Debug|Any CPU
		{1866E991-FCEA-46BD-982A-A63CE39A75D1}.Debug|Any CPU.Build.0 = Debug|Any CPU
		{1866E991-FCEA-46BD-982A-A63CE39A75D1}.Release|Any CPU.ActiveCfg = Release|Any CPU
		{1866E991-FCEA-46BD-982A-A63CE39A75D1}.Release|Any CPU.Build.0 = Release|Any CPU
	EndGlobalSection
	GlobalSection(SolutionProperties) = preSolution
		HideSolutionNode = FALSE
	EndGlobalSection
	GlobalSection(ExtensibilityGlobals) = postSolution
		SolutionGuid = {26274E8A-328A-4EF6-A4F5-91A706ABB71C}
	EndGlobalSection
EndGlobal
